
Microsoft Visual Studio Solution File, Format Version 12.00
Project("{FAE04EC0-301F-11D3-BF4B-00C04F79EFBC}") = "test-aspnetcore-net6-opentelemetry", "test-aspnetcore-net6-opentelemetry\test-aspnetcore-net6-opentelemetry.csproj", "{CD792860-449F-40E9-B795-F49CA62C84C1}"
EndProject
Project("{FAE04EC0-301F-11D3-BF4B-00C04F79EFBC}") = "ConsoleApp1", "ConsoleApp1\ConsoleApp1.csproj", "{2F4AA6D4-3F2A-4A5E-A307-65B51D860FF2}"
EndProject
Global
	GlobalSection(SolutionConfigurationPlatforms) = preSolution
		Debug|Any CPU = Debug|Any CPU
		Release|Any CPU = Release|Any CPU
	EndGlobalSection
	GlobalSection(ProjectConfigurationPlatforms) = postSolution
		{CD792860-449F-40E9-B795-F49CA62C84C1}.Debug|Any CPU.ActiveCfg = Debug|Any CPU
		{CD792860-449F-40E9-B795-F49CA62C84C1}.Debug|Any CPU.Build.0 = Debug|Any CPU
		{CD792860-449F-40E9-B795-F49CA62C84C1}.Release|Any CPU.ActiveCfg = Release|Any CPU
		{CD792860-449F-40E9-B795-F49CA62C84C1}.Release|Any CPU.Build.0 = Release|Any CPU
		{2F4AA6D4-3F2A-4A5E-A307-65B51D860FF2}.Debug|Any CPU.ActiveCfg = Debug|Any CPU
		{2F4AA6D4-3F2A-4A5E-A307-65B51D860FF2}.Debug|Any CPU.Build.0 = Debug|Any CPU
		{2F4AA6D4-3F2A-4A5E-A307-65B51D860FF2}.Release|Any CPU.ActiveCfg = Release|Any CPU
		{2F4AA6D4-3F2A-4A5E-A307-65B51D860FF2}.Release|Any CPU.Build.0 = Release|Any CPU
	EndGlobalSection
EndGlobal
